// !$*UTF8*$!
{
	archiveVersion = 1;
	classes = {
	};
	objectVersion = 50;
	objects = {

/* Begin PBXBuildFile section */
		DE0E8AE825BC091400D65C7A /* AppDelegate.swift in Sources */ = {isa = PBXBuildFile; fileRef = DE0E8AE725BC091400D65C7A /* AppDelegate.swift */; };
		DE0E8AEC25BC091400D65C7A /* ViewController.swift in Sources */ = {isa = PBXBuildFile; fileRef = DE0E8AEB25BC091400D65C7A /* ViewController.swift */; };
		DE0E8AEF25BC091400D65C7A /* Main.storyboard in Resources */ = {isa = PBXBuildFile; fileRef = DE0E8AED25BC091400D65C7A /* Main.storyboard */; };
		DE0E8AF125BC091700D65C7A /* Assets.xcassets in Resources */ = {isa = PBXBuildFile; fileRef = DE0E8AF025BC091700D65C7A /* Assets.xcassets */; };
		DE0E8AF425BC091700D65C7A /* LaunchScreen.storyboard in Resources */ = {isa = PBXBuildFile; fileRef = DE0E8AF225BC091700D65C7A /* LaunchScreen.storyboard */; };
		DE0E8AFD25BC0BBC00D65C7A /* BlurDiscriminator.swift in Sources */ = {isa = PBXBuildFile; fileRef = DE0E8AFC25BC0BBC00D65C7A /* BlurDiscriminator.swift */; };
		DE0E8B0225BC6A3B00D65C7A /* MTLComputeCommandEncoder+encodeThreadgroupSize.swift in Sources */ = {isa = PBXBuildFile; fileRef = DE0E8B0125BC6A3B00D65C7A /* MTLComputeCommandEncoder+encodeThreadgroupSize.swift */; };
		DE0E8B0625BC6AB900D65C7A /* ShaderFunctions.swift in Sources */ = {isa = PBXBuildFile; fileRef = DE0E8B0525BC6AB900D65C7A /* ShaderFunctions.swift */; };
		DE0E8B0C25BC6F0500D65C7A /* BlurDiscriminatorError.swift in Sources */ = {isa = PBXBuildFile; fileRef = DE0E8B0B25BC6F0500D65C7A /* BlurDiscriminatorError.swift */; };
		DEC70F0625BD5816003D8944 /* CaptureSession.swift in Sources */ = {isa = PBXBuildFile; fileRef = DEC70F0525BD5816003D8944 /* CaptureSession.swift */; };
/* End PBXBuildFile section */

/* Begin PBXFileReference section */
		DE0E8AE425BC091400D65C7A /* BlurDiscriminator-iOS.app */ = {isa = PBXFileReference; explicitFileType = wrapper.application; includeInIndex = 0; path = "BlurDiscriminator-iOS.app"; sourceTree = BUILT_PRODUCTS_DIR; };
		DE0E8AE725BC091400D65C7A /* AppDelegate.swift */ = {isa = PBXFileReference; lastKnownFileType = sourcecode.swift; path = AppDelegate.swift; sourceTree = "<group>"; };
		DE0E8AEB25BC091400D65C7A /* ViewController.swift */ = {isa = PBXFileReference; lastKnownFileType = sourcecode.swift; path = ViewController.swift; sourceTree = "<group>"; };
		DE0E8AEE25BC091400D65C7A /* Base */ = {isa = PBXFileReference; lastKnownFileType = file.storyboard; name = Base; path = Base.lproj/Main.storyboard; sourceTree = "<group>"; };
		DE0E8AF025BC091700D65C7A /* Assets.xcassets */ = {isa = PBXFileReference; lastKnownFileType = folder.assetcatalog; path = Assets.xcassets; sourceTree = "<group>"; };
		DE0E8AF325BC091700D65C7A /* Base */ = {isa = PBXFileReference; lastKnownFileType = file.storyboard; name = Base; path = Base.lproj/LaunchScreen.storyboard; sourceTree = "<group>"; };
		DE0E8AF525BC091700D65C7A /* Info.plist */ = {isa = PBXFileReference; lastKnownFileType = text.plist.xml; path = Info.plist; sourceTree = "<group>"; };
		DE0E8AFC25BC0BBC00D65C7A /* BlurDiscriminator.swift */ = {isa = PBXFileReference; lastKnownFileType = sourcecode.swift; path = BlurDiscriminator.swift; sourceTree = "<group>"; };
		DE0E8B0125BC6A3B00D65C7A /* MTLComputeCommandEncoder+encodeThreadgroupSize.swift */ = {isa = PBXFileReference; lastKnownFileType = sourcecode.swift; path = "MTLComputeCommandEncoder+encodeThreadgroupSize.swift"; sourceTree = "<group>"; };
		DE0E8B0525BC6AB900D65C7A /* ShaderFunctions.swift */ = {isa = PBXFileReference; lastKnownFileType = sourcecode.swift; path = ShaderFunctions.swift; sourceTree = "<group>"; };
		DE0E8B0B25BC6F0500D65C7A /* BlurDiscriminatorError.swift */ = {isa = PBXFileReference; lastKnownFileType = sourcecode.swift; path = BlurDiscriminatorError.swift; sourceTree = "<group>"; };
		DEC70F0525BD5816003D8944 /* CaptureSession.swift */ = {isa = PBXFileReference; lastKnownFileType = sourcecode.swift; path = CaptureSession.swift; sourceTree = "<group>"; };
/* End PBXFileReference section */

/* Begin PBXFrameworksBuildPhase section */
		DE0E8AE125BC091400D65C7A /* Frameworks */ = {
			isa = PBXFrameworksBuildPhase;
			buildActionMask = 2147483647;
			files = (
			);
			runOnlyForDeploymentPostprocessing = 0;
		};
/* End PBXFrameworksBuildPhase section */

/* Begin PBXGroup section */
		DE0E8ADB25BC091400D65C7A = {
			isa = PBXGroup;
			children = (
				DE0E8AE625BC091400D65C7A /* BlurDiscriminator-iOS */,
				DE0E8AE525BC091400D65C7A /* Products */,
			);
			sourceTree = "<group>";
		};
		DE0E8AE525BC091400D65C7A /* Products */ = {
			isa = PBXGroup;
			children = (
				DE0E8AE425BC091400D65C7A /* BlurDiscriminator-iOS.app */,
			);
			name = Products;
			sourceTree = "<group>";
		};
		DE0E8AE625BC091400D65C7A /* BlurDiscriminator-iOS */ = {
			isa = PBXGroup;
			children = (
				DEC70F0425BD5433003D8944 /* CaptureView */,
				DE0E8B0025BC6A0700D65C7A /* BlurDiscriminator */,
				DE0E8AE725BC091400D65C7A /* AppDelegate.swift */,
				DE0E8AF225BC091700D65C7A /* LaunchScreen.storyboard */,
				DE0E8AF025BC091700D65C7A /* Assets.xcassets */,
				DE0E8AF525BC091700D65C7A /* Info.plist */,
			);
			path = "BlurDiscriminator-iOS";
			sourceTree = "<group>";
		};
		DE0E8B0025BC6A0700D65C7A /* BlurDiscriminator */ = {
			isa = PBXGroup;
			children = (
				DE0E8AFC25BC0BBC00D65C7A /* BlurDiscriminator.swift */,
				DE0E8B0B25BC6F0500D65C7A /* BlurDiscriminatorError.swift */,
				DE0E8B0125BC6A3B00D65C7A /* MTLComputeCommandEncoder+encodeThreadgroupSize.swift */,
				DE0E8B0525BC6AB900D65C7A /* ShaderFunctions.swift */,
			);
			path = BlurDiscriminator;
			sourceTree = "<group>";
		};
		DEC70F0425BD5433003D8944 /* CaptureView */ = {
			isa = PBXGroup;
			children = (
				DE0E8AED25BC091400D65C7A /* Main.storyboard */,
				DE0E8AEB25BC091400D65C7A /* ViewController.swift */,
				DEC70F0525BD5816003D8944 /* CaptureSession.swift */,
			);
			path = CaptureView;
			sourceTree = "<group>";
		};
/* End PBXGroup section */

/* Begin PBXNativeTarget section */
		DE0E8AE325BC091400D65C7A /* BlurDiscriminator-iOS */ = {
			isa = PBXNativeTarget;
			buildConfigurationList = DE0E8AF825BC091700D65C7A /* Build configuration list for PBXNativeTarget "BlurDiscriminator-iOS" */;
			buildPhases = (
				DE0E8AE025BC091400D65C7A /* Sources */,
				DE0E8AE125BC091400D65C7A /* Frameworks */,
				DE0E8AE225BC091400D65C7A /* Resources */,
			);
			buildRules = (
			);
			dependencies = (
			);
			name = "BlurDiscriminator-iOS";
			productName = "BlurDiscriminator-iOS";
			productReference = DE0E8AE425BC091400D65C7A /* BlurDiscriminator-iOS.app */;
			productType = "com.apple.product-type.application";
		};
/* End PBXNativeTarget section */

/* Begin PBXProject section */
		DE0E8ADC25BC091400D65C7A /* Project object */ = {
			isa = PBXProject;
			attributes = {
				LastSwiftUpdateCheck = 1210;
				LastUpgradeCheck = 1210;
				TargetAttributes = {
					DE0E8AE325BC091400D65C7A = {
						CreatedOnToolsVersion = 12.1;
					};
				};
			};
			buildConfigurationList = DE0E8ADF25BC091400D65C7A /* Build configuration list for PBXProject "BlurDiscriminator-iOS" */;
			compatibilityVersion = "Xcode 9.3";
			developmentRegion = en;
			hasScannedForEncodings = 0;
			knownRegions = (
				en,
				Base,
			);
			mainGroup = DE0E8ADB25BC091400D65C7A;
			productRefGroup = DE0E8AE525BC091400D65C7A /* Products */;
			projectDirPath = "";
			projectRoot = "";
			targets = (
				DE0E8AE325BC091400D65C7A /* BlurDiscriminator-iOS */,
			);
		};
/* End PBXProject section */

/* Begin PBXResourcesBuildPhase section */
		DE0E8AE225BC091400D65C7A /* Resources */ = {
			isa = PBXResourcesBuildPhase;
			buildActionMask = 2147483647;
			files = (
				DE0E8AF425BC091700D65C7A /* LaunchScreen.storyboard in Resources */,
				DE0E8AF125BC091700D65C7A /* Assets.xcassets in Resources */,
				DE0E8AEF25BC091400D65C7A /* Main.storyboard in Resources */,
			);
			runOnlyForDeploymentPostprocessing = 0;
		};
/* End PBXResourcesBuildPhase section */

/* Begin PBXSourcesBuildPhase section */
		DE0E8AE025BC091400D65C7A /* Sources */ = {
			isa = PBXSourcesBuildPhase;
			buildActionMask = 2147483647;
			files = (
				DE0E8B0625BC6AB900D65C7A /* ShaderFunctions.swift in Sources */,
				DE0E8AEC25BC091400D65C7A /* ViewController.swift in Sources */,
				DE0E8AE825BC091400D65C7A /* AppDelegate.swift in Sources */,
				DE0E8B0225BC6A3B00D65C7A /* MTLComputeCommandEncoder+encodeThreadgroupSize.swift in Sources */,
				DE0E8B0C25BC6F0500D65C7A /* BlurDiscriminatorError.swift in Sources */,
				DEC70F0625BD5816003D8944 /* CaptureSession.swift in Sources */,
				DE0E8AFD25BC0BBC00D65C7A /* BlurDiscriminator.swift in Sources */,
			);
			runOnlyForDeploymentPostprocessing = 0;
		};
/* End PBXSourcesBuildPhase section */

/* Begin PBXVariantGroup section */
		DE0E8AED25BC091400D65C7A /* Main.storyboard */ = {
			isa = PBXVariantGroup;
			children = (
				DE0E8AEE25BC091400D65C7A /* Base */,
			);
			name = Main.storyboard;
			sourceTree = "<group>";
		};
		DE0E8AF225BC091700D65C7A /* LaunchScreen.storyboard */ = {
			isa = PBXVariantGroup;
			children = (
				DE0E8AF325BC091700D65C7A /* Base */,
			);
			name = LaunchScreen.storyboard;
			sourceTree = "<group>";
		};
/* End PBXVariantGroup section */

/* Begin XCBuildConfiguration section */
		DE0E8AF625BC091700D65C7A /* Debug */ = {
			isa = XCBuildConfiguration;
			buildSettings = {
				ALWAYS_SEARCH_USER_PATHS = NO;
				CLANG_ANALYZER_NONNULL = YES;
				CLANG_ANALYZER_NUMBER_OBJECT_CONVERSION = YES_AGGRESSIVE;
				CLANG_CXX_LANGUAGE_STANDARD = "gnu++14";
				CLANG_CXX_LIBRARY = "libc++";
				CLANG_ENABLE_MODULES = YES;
				CLANG_ENABLE_OBJC_ARC = YES;
				CLANG_ENABLE_OBJC_WEAK = YES;
				CLANG_WARN_BLOCK_CAPTURE_AUTORELEASING = YES;
				CLANG_WARN_BOOL_CONVERSION = YES;
				CLANG_WARN_COMMA = YES;
				CLANG_WARN_CONSTANT_CONVERSION = YES;
				CLANG_WARN_DEPRECATED_OBJC_IMPLEMENTATIONS = YES;
				CLANG_WARN_DIRECT_OBJC_ISA_USAGE = YES_ERROR;
				CLANG_WARN_DOCUMENTATION_COMMENTS = YES;
				CLANG_WARN_EMPTY_BODY = YES;
				CLANG_WARN_ENUM_CONVERSION = YES;
				CLANG_WARN_INFINITE_RECURSION = YES;
				CLANG_WARN_INT_CONVERSION = YES;
				CLANG_WARN_NON_LITERAL_NULL_CONVERSION = YES;
				CLANG_WARN_OBJC_IMPLICIT_RETAIN_SELF = YES;
				CLANG_WARN_OBJC_LITERAL_CONVERSION = YES;
				CLANG_WARN_OBJC_ROOT_CLASS = YES_ERROR;
				CLANG_WARN_QUOTED_INCLUDE_IN_FRAMEWORK_HEADER = YES;
				CLANG_WARN_RANGE_LOOP_ANALYSIS = YES;
				CLANG_WARN_STRICT_PROTOTYPES = YES;
				CLANG_WARN_SUSPICIOUS_MOVE = YES;
				CLANG_WARN_UNGUARDED_AVAILABILITY = YES_AGGRESSIVE;
				CLANG_WARN_UNREACHABLE_CODE = YES;
				CLANG_WARN__DUPLICATE_METHOD_MATCH = YES;
				COPY_PHASE_STRIP = NO;
				DEBUG_INFORMATION_FORMAT = dwarf;
				ENABLE_STRICT_OBJC_MSGSEND = YES;
				ENABLE_TESTABILITY = YES;
				GCC_C_LANGUAGE_STANDARD = gnu11;
				GCC_DYNAMIC_NO_PIC = NO;
				GCC_NO_COMMON_BLOCKS = YES;
				GCC_OPTIMIZATION_LEVEL = 0;
				GCC_PREPROCESSOR_DEFINITIONS = (
					"DEBUG=1",
					"$(inherited)",
				);
				GCC_WARN_64_TO_32_BIT_CONVERSION = YES;
				GCC_WARN_ABOUT_RETURN_TYPE = YES_ERROR;
				GCC_WARN_UNDECLARED_SELECTOR = YES;
				GCC_WARN_UNINITIALIZED_AUTOS = YES_AGGRESSIVE;
				GCC_WARN_UNUSED_FUNCTION = YES;
				GCC_WARN_UNUSED_VARIABLE = YES;
				IPHONEOS_DEPLOYMENT_TARGET = 14.1;
				MTL_ENABLE_DEBUG_INFO = INCLUDE_SOURCE;
				MTL_FAST_MATH = YES;
				ONLY_ACTIVE_ARCH = YES;
				SDKROOT = iphoneos;
				SWIFT_ACTIVE_COMPILATION_CONDITIONS = DEBUG;
				SWIFT_OPTIMIZATION_LEVEL = "-Onone";
			};
			name = Debug;
		};
		DE0E8AF725BC091700D65C7A /* Release */ = {
			isa = XCBuildConfiguration;
			buildSettings = {
				ALWAYS_SEARCH_USER_PATHS = NO;
				CLANG_ANALYZER_NONNULL = YES;
				CLANG_ANALYZER_NUMBER_OBJECT_CONVERSION = YES_AGGRESSIVE;
				CLANG_CXX_LANGUAGE_STANDARD = "gnu++14";
				CLANG_CXX_LIBRARY = "libc++";
				CLANG_ENABLE_MODULES = YES;
				CLANG_ENABLE_OBJC_ARC = YES;
				CLANG_ENABLE_OBJC_WEAK = YES;
				CLANG_WARN_BLOCK_CAPTURE_AUTORELEASING = YES;
				CLANG_WARN_BOOL_CONVERSION = YES;
				CLANG_WARN_COMMA = YES;
				CLANG_WARN_CONSTANT_CONVERSION = YES;
				CLANG_WARN_DEPRECATED_OBJC_IMPLEMENTATIONS = YES;
				CLANG_WARN_DIRECT_OBJC_ISA_USAGE = YES_ERROR;
				CLANG_WARN_DOCUMENTATION_COMMENTS = YES;
				CLANG_WARN_EMPTY_BODY = YES;
				CLANG_WARN_ENUM_CONVERSION = YES;
				CLANG_WARN_INFINITE_RECURSION = YES;
				CLANG_WARN_INT_CONVERSION = YES;
				CLANG_WARN_NON_LITERAL_NULL_CONVERSION = YES;
				CLANG_WARN_OBJC_IMPLICIT_RETAIN_SELF = YES;
				CLANG_WARN_OBJC_LITERAL_CONVERSION = YES;
				CLANG_WARN_OBJC_ROOT_CLASS = YES_ERROR;
				CLANG_WARN_QUOTED_INCLUDE_IN_FRAMEWORK_HEADER = YES;
				CLANG_WARN_RANGE_LOOP_ANALYSIS = YES;
				CLANG_WARN_STRICT_PROTOTYPES = YES;
				CLANG_WARN_SUSPICIOUS_MOVE = YES;
				CLANG_WARN_UNGUARDED_AVAILABILITY = YES_AGGRESSIVE;
				CLANG_WARN_UNREACHABLE_CODE = YES;
				CLANG_WARN__DUPLICATE_METHOD_MATCH = YES;
				COPY_PHASE_STRIP = NO;
				DEBUG_INFORMATION_FORMAT = "dwarf-with-dsym";
				ENABLE_NS_ASSERTIONS = NO;
				ENABLE_STRICT_OBJC_MSGSEND = YES;
				GCC_C_LANGUAGE_STANDARD = gnu11;
				GCC_NO_COMMON_BLOCKS = YES;
				GCC_WARN_64_TO_32_BIT_CONVERSION = YES;
				GCC_WARN_ABOUT_RETURN_TYPE = YES_ERROR;
				GCC_WARN_UNDECLARED_SELECTOR = YES;
				GCC_WARN_UNINITIALIZED_AUTOS = YES_AGGRESSIVE;
				GCC_WARN_UNUSED_FUNCTION = YES;
				GCC_WARN_UNUSED_VARIABLE = YES;
				IPHONEOS_DEPLOYMENT_TARGET = 14.1;
				MTL_ENABLE_DEBUG_INFO = NO;
				MTL_FAST_MATH = YES;
				SDKROOT = iphoneos;
				SWIFT_COMPILATION_MODE = wholemodule;
				SWIFT_OPTIMIZATION_LEVEL = "-O";
				VALIDATE_PRODUCT = YES;
			};
			name = Release;
		};
		DE0E8AF925BC091700D65C7A /* Debug */ = {
			isa = XCBuildConfiguration;
			buildSettings = {
				ASSETCATALOG_COMPILER_APPICON_NAME = AppIcon;
				ASSETCATALOG_COMPILER_GLOBAL_ACCENT_COLOR_NAME = AccentColor;
				CODE_SIGN_STYLE = Automatic;
				DEVELOPMENT_TEAM = NHMWTHTL9L;
				INFOPLIST_FILE = "BlurDiscriminator-iOS/Info.plist";
				IPHONEOS_DEPLOYMENT_TARGET = 11.0;
				LD_RUNPATH_SEARCH_PATHS = (
					"$(inherited)",
					"@executable_path/Frameworks",
				);
				PRODUCT_BUNDLE_IDENTIFIER = "syjdev.BlurDiscriminator-iOS";
				PRODUCT_NAME = "$(TARGET_NAME)";
				SWIFT_VERSION = 5.0;
				TARGETED_DEVICE_FAMILY = "1,2";
			};
			name = Debug;
		};
		DE0E8AFA25BC091700D65C7A /* Release */ = {
			isa = XCBuildConfiguration;
			buildSettings = {
				ASSETCATALOG_COMPILER_APPICON_NAME = AppIcon;
				ASSETCATALOG_COMPILER_GLOBAL_ACCENT_COLOR_NAME = AccentColor;
				CODE_SIGN_STYLE = Automatic;
				DEVELOPMENT_TEAM = NHMWTHTL9L;
				INFOPLIST_FILE = "BlurDiscriminator-iOS/Info.plist";
				IPHONEOS_DEPLOYMENT_TARGET = 11.0;
				LD_RUNPATH_SEARCH_PATHS = (
					"$(inherited)",
					"@executable_path/Frameworks",
				);
				PRODUCT_BUNDLE_IDENTIFIER = "syjdev.BlurDiscriminator-iOS";
				PRODUCT_NAME = "$(TARGET_NAME)";
				SWIFT_VERSION = 5.0;
				TARGETED_DEVICE_FAMILY = "1,2";
			};
			name = Release;
		};
/* End XCBuildConfiguration section */

/* Begin XCConfigurationList section */
		DE0E8ADF25BC091400D65C7A /* Build configuration list for PBXProject "BlurDiscriminator-iOS" */ = {
			isa = XCConfigurationList;
			buildConfigurations = (
				DE0E8AF625BC091700D65C7A /* Debug */,
				DE0E8AF725BC091700D65C7A /* Release */,
			);
			defaultConfigurationIsVisible = 0;
			defaultConfigurationName = Release;
		};
		DE0E8AF825BC091700D65C7A /* Build configuration list for PBXNativeTarget "BlurDiscriminator-iOS" */ = {
			isa = XCConfigurationList;
			buildConfigurations = (
				DE0E8AF925BC091700D65C7A /* Debug */,
				DE0E8AFA25BC091700D65C7A /* Release */,
			);
			defaultConfigurationIsVisible = 0;
			defaultConfigurationName = Release;
		};
/* End XCConfigurationList section */
	};
	rootObject = DE0E8ADC25BC091400D65C7A /* Project object */;
}
