// !$*UTF8*$!
{
	archiveVersion = 1;
	classes = {
	};
	objectVersion = 50;
	objects = {

/* Begin PBXBuildFile section */
		DE0BDED3270E0F3E000EBCB5 /* CGImage+resized.swift in Sources */ = {isa = PBXBuildFile; fileRef = DE0BDED0270E0F3E000EBCB5 /* CGImage+resized.swift */; };
		DEC1E3BE26B6FD8B00F28525 /* blur_segmentation_quantized.tflite in Resources */ = {isa = PBXBuildFile; fileRef = DEC1E3BD26B6FD8B00F28525 /* blur_segmentation_quantized.tflite */; };
		DEEA14AF2732F5A80060812D /* BlurDiscriminatorKit.framework in Embed Frameworks */ = {isa = PBXBuildFile; fileRef = DEEA14AE2732F5A80060812D /* BlurDiscriminatorKit.framework */; settings = {ATTRIBUTES = (CodeSignOnCopy, RemoveHeadersOnCopy, ); }; };
		DEEAC5EC269C741400D753CA /* AppDelegate.swift in Sources */ = {isa = PBXBuildFile; fileRef = DEEAC5EB269C741400D753CA /* AppDelegate.swift */; };
		DEEAC5EE269C741400D753CA /* SceneDelegate.swift in Sources */ = {isa = PBXBuildFile; fileRef = DEEAC5ED269C741400D753CA /* SceneDelegate.swift */; };
		DEEAC5F0269C741400D753CA /* ViewController.swift in Sources */ = {isa = PBXBuildFile; fileRef = DEEAC5EF269C741400D753CA /* ViewController.swift */; };
		DEEAC5F3269C741400D753CA /* Main.storyboard in Resources */ = {isa = PBXBuildFile; fileRef = DEEAC5F1269C741400D753CA /* Main.storyboard */; };
		DEEAC5F5269C741600D753CA /* Assets.xcassets in Resources */ = {isa = PBXBuildFile; fileRef = DEEAC5F4269C741600D753CA /* Assets.xcassets */; };
		DEEAC5F8269C741600D753CA /* LaunchScreen.storyboard in Resources */ = {isa = PBXBuildFile; fileRef = DEEAC5F6269C741600D753CA /* LaunchScreen.storyboard */; };
/* End PBXBuildFile section */

/* Begin PBXCopyFilesBuildPhase section */
		DEE8DBFA26FC515500BD2504 /* Embed Frameworks */ = {
			isa = PBXCopyFilesBuildPhase;
			buildActionMask = 2147483647;
			dstPath = "";
			dstSubfolderSpec = 10;
			files = (
				DEEA14AF2732F5A80060812D /* BlurDiscriminatorKit.framework in Embed Frameworks */,
			);
			name = "Embed Frameworks";
			runOnlyForDeploymentPostprocessing = 0;
		};
/* End PBXCopyFilesBuildPhase section */

/* Begin PBXFileReference section */
		DE0BDED0270E0F3E000EBCB5 /* CGImage+resized.swift */ = {isa = PBXFileReference; fileEncoding = 4; lastKnownFileType = sourcecode.swift; path = "CGImage+resized.swift"; sourceTree = "<group>"; };
		DEC1E3BD26B6FD8B00F28525 /* blur_segmentation_quantized.tflite */ = {isa = PBXFileReference; lastKnownFileType = file; path = blur_segmentation_quantized.tflite; sourceTree = "<group>"; };
		DEEA14AE2732F5A80060812D /* BlurDiscriminatorKit.framework */ = {isa = PBXFileReference; explicitFileType = wrapper.framework; path = BlurDiscriminatorKit.framework; sourceTree = BUILT_PRODUCTS_DIR; };
		DEEAC5E8269C741400D753CA /* demo.app */ = {isa = PBXFileReference; explicitFileType = wrapper.application; includeInIndex = 0; path = demo.app; sourceTree = BUILT_PRODUCTS_DIR; };
		DEEAC5EB269C741400D753CA /* AppDelegate.swift */ = {isa = PBXFileReference; lastKnownFileType = sourcecode.swift; path = AppDelegate.swift; sourceTree = "<group>"; };
		DEEAC5ED269C741400D753CA /* SceneDelegate.swift */ = {isa = PBXFileReference; lastKnownFileType = sourcecode.swift; path = SceneDelegate.swift; sourceTree = "<group>"; };
		DEEAC5EF269C741400D753CA /* ViewController.swift */ = {isa = PBXFileReference; lastKnownFileType = sourcecode.swift; path = ViewController.swift; sourceTree = "<group>"; };
		DEEAC5F2269C741400D753CA /* Base */ = {isa = PBXFileReference; lastKnownFileType = file.storyboard; name = Base; path = Base.lproj/Main.storyboard; sourceTree = "<group>"; };
		DEEAC5F4269C741600D753CA /* Assets.xcassets */ = {isa = PBXFileReference; lastKnownFileType = folder.assetcatalog; path = Assets.xcassets; sourceTree = "<group>"; };
		DEEAC5F7269C741600D753CA /* Base */ = {isa = PBXFileReference; lastKnownFileType = file.storyboard; name = Base; path = Base.lproj/LaunchScreen.storyboard; sourceTree = "<group>"; };
		DEEAC5F9269C741600D753CA /* Info.plist */ = {isa = PBXFileReference; lastKnownFileType = text.plist.xml; path = Info.plist; sourceTree = "<group>"; };
/* End PBXFileReference section */

/* Begin PBXFrameworksBuildPhase section */
		DEEAC5E5269C741400D753CA /* Frameworks */ = {
			isa = PBXFrameworksBuildPhase;
			buildActionMask = 2147483647;
			files = (
			);
			runOnlyForDeploymentPostprocessing = 0;
		};
/* End PBXFrameworksBuildPhase section */

/* Begin PBXGroup section */
		DE0BDECE270E0F3E000EBCB5 /* Extensions */ = {
			isa = PBXGroup;
			children = (
				DE0BDED0270E0F3E000EBCB5 /* CGImage+resized.swift */,
			);
			path = Extensions;
			sourceTree = "<group>";
		};
		DEA8C498269C8FC800BF5107 /* Resources */ = {
			isa = PBXGroup;
			children = (
				DEC1E3BD26B6FD8B00F28525 /* blur_segmentation_quantized.tflite */,
			);
			path = Resources;
			sourceTree = "<group>";
		};
		DEEA14AD2732F5A80060812D /* Frameworks */ = {
			isa = PBXGroup;
			children = (
				DEEA14AE2732F5A80060812D /* BlurDiscriminatorKit.framework */,
			);
			name = Frameworks;
			sourceTree = "<group>";
		};
		DEEAC5DF269C741400D753CA = {
			isa = PBXGroup;
			children = (
				DEEAC5EA269C741400D753CA /* demo */,
				DEEAC5E9269C741400D753CA /* Products */,
				DEEA14AD2732F5A80060812D /* Frameworks */,
			);
			sourceTree = "<group>";
		};
		DEEAC5E9269C741400D753CA /* Products */ = {
			isa = PBXGroup;
			children = (
				DEEAC5E8269C741400D753CA /* demo.app */,
			);
			name = Products;
			sourceTree = "<group>";
		};
		DEEAC5EA269C741400D753CA /* demo */ = {
			isa = PBXGroup;
			children = (
				DE0BDECE270E0F3E000EBCB5 /* Extensions */,
				DEEAC5EB269C741400D753CA /* AppDelegate.swift */,
				DEEAC5ED269C741400D753CA /* SceneDelegate.swift */,
				DEEAC5EF269C741400D753CA /* ViewController.swift */,
				DEEAC5F1269C741400D753CA /* Main.storyboard */,
				DEEAC5F4269C741600D753CA /* Assets.xcassets */,
				DEEAC5F9269C741600D753CA /* Info.plist */,
				DEEAC5F6269C741600D753CA /* LaunchScreen.storyboard */,
				DEA8C498269C8FC800BF5107 /* Resources */,
			);
			name = demo;
			sourceTree = "<group>";
		};
/* End PBXGroup section */

/* Begin PBXHeadersBuildPhase section */
		DE81A51F26AC3839004BBCD0 /* Headers */ = {
			isa = PBXHeadersBuildPhase;
			buildActionMask = 2147483647;
			files = (
			);
			runOnlyForDeploymentPostprocessing = 0;
		};
/* End PBXHeadersBuildPhase section */

/* Begin PBXNativeTarget section */
		DEEAC5E7269C741400D753CA /* demo */ = {
			isa = PBXNativeTarget;
			buildConfigurationList = DEEAC5FC269C741600D753CA /* Build configuration list for PBXNativeTarget "demo" */;
			buildPhases = (
				DE81A51F26AC3839004BBCD0 /* Headers */,
				DEEAC5E4269C741400D753CA /* Sources */,
				DEEAC5E5269C741400D753CA /* Frameworks */,
				DEEAC5E6269C741400D753CA /* Resources */,
				DEE8DBFA26FC515500BD2504 /* Embed Frameworks */,
			);
			buildRules = (
			);
			dependencies = (
			);
			name = demo;
			productName = demo;
			productReference = DEEAC5E8269C741400D753CA /* demo.app */;
			productType = "com.apple.product-type.application";
		};
/* End PBXNativeTarget section */

/* Begin PBXProject section */
		DEEAC5E0269C741400D753CA /* Project object */ = {
			isa = PBXProject;
			attributes = {
				LastSwiftUpdateCheck = 1240;
				LastUpgradeCheck = 1240;
				TargetAttributes = {
					DEEAC5E7269C741400D753CA = {
						CreatedOnToolsVersion = 12.4;
						LastSwiftMigration = 1240;
					};
				};
			};
			buildConfigurationList = DEEAC5E3269C741400D753CA /* Build configuration list for PBXProject "demo" */;
			compatibilityVersion = "Xcode 9.3";
			developmentRegion = en;
			hasScannedForEncodings = 0;
			knownRegions = (
				en,
				Base,
			);
			mainGroup = DEEAC5DF269C741400D753CA;
			productRefGroup = DEEAC5E9269C741400D753CA /* Products */;
			projectDirPath = "";
			projectRoot = "";
			targets = (
				DEEAC5E7269C741400D753CA /* demo */,
			);
		};
/* End PBXProject section */

/* Begin PBXResourcesBuildPhase section */
		DEEAC5E6269C741400D753CA /* Resources */ = {
			isa = PBXResourcesBuildPhase;
			buildActionMask = 2147483647;
			files = (
				DEC1E3BE26B6FD8B00F28525 /* blur_segmentation_quantized.tflite in Resources */,
				DEEAC5F8269C741600D753CA /* LaunchScreen.storyboard in Resources */,
				DEEAC5F5269C741600D753CA /* Assets.xcassets in Resources */,
				DEEAC5F3269C741400D753CA /* Main.storyboard in Resources */,
			);
			runOnlyForDeploymentPostprocessing = 0;
		};
/* End PBXResourcesBuildPhase section */

/* Begin PBXSourcesBuildPhase section */
		DEEAC5E4269C741400D753CA /* Sources */ = {
			isa = PBXSourcesBuildPhase;
			buildActionMask = 2147483647;
			files = (
				DE0BDED3270E0F3E000EBCB5 /* CGImage+resized.swift in Sources */,
				DEEAC5F0269C741400D753CA /* ViewController.swift in Sources */,
				DEEAC5EC269C741400D753CA /* AppDelegate.swift in Sources */,
				DEEAC5EE269C741400D753CA /* SceneDelegate.swift in Sources */,
			);
			runOnlyForDeploymentPostprocessing = 0;
		};
/* End PBXSourcesBuildPhase section */

/* Begin PBXVariantGroup section */
		DEEAC5F1269C741400D753CA /* Main.storyboard */ = {
			isa = PBXVariantGroup;
			children = (
				DEEAC5F2269C741400D753CA /* Base */,
			);
			name = Main.storyboard;
			sourceTree = "<group>";
		};
		DEEAC5F6269C741600D753CA /* LaunchScreen.storyboard */ = {
			isa = PBXVariantGroup;
			children = (
				DEEAC5F7269C741600D753CA /* Base */,
			);
			name = LaunchScreen.storyboard;
			sourceTree = "<group>";
		};
/* End PBXVariantGroup section */

/* Begin XCBuildConfiguration section */
		DEEAC5FA269C741600D753CA /* Debug */ = {
			isa = XCBuildConfiguration;
			buildSettings = {
				ALWAYS_SEARCH_USER_PATHS = NO;
				CLANG_ANALYZER_NONNULL = YES;
				CLANG_ANALYZER_NUMBER_OBJECT_CONVERSION = YES_AGGRESSIVE;
				CLANG_CXX_LANGUAGE_STANDARD = "gnu++14";
				CLANG_CXX_LIBRARY = "libc++";
				CLANG_ENABLE_MODULES = YES;
				CLANG_ENABLE_OBJC_ARC = YES;
				CLANG_ENABLE_OBJC_WEAK = YES;
				CLANG_WARN_BLOCK_CAPTURE_AUTORELEASING = YES;
				CLANG_WARN_BOOL_CONVERSION = YES;
				CLANG_WARN_COMMA = YES;
				CLANG_WARN_CONSTANT_CONVERSION = YES;
				CLANG_WARN_DEPRECATED_OBJC_IMPLEMENTATIONS = YES;
				CLANG_WARN_DIRECT_OBJC_ISA_USAGE = YES_ERROR;
				CLANG_WARN_DOCUMENTATION_COMMENTS = YES;
				CLANG_WARN_EMPTY_BODY = YES;
				CLANG_WARN_ENUM_CONVERSION = YES;
				CLANG_WARN_INFINITE_RECURSION = YES;
				CLANG_WARN_INT_CONVERSION = YES;
				CLANG_WARN_NON_LITERAL_NULL_CONVERSION = YES;
				CLANG_WARN_OBJC_IMPLICIT_RETAIN_SELF = YES;
				CLANG_WARN_OBJC_LITERAL_CONVERSION = YES;
				CLANG_WARN_OBJC_ROOT_CLASS = YES_ERROR;
				CLANG_WARN_QUOTED_INCLUDE_IN_FRAMEWORK_HEADER = YES;
				CLANG_WARN_RANGE_LOOP_ANALYSIS = YES;
				CLANG_WARN_STRICT_PROTOTYPES = YES;
				CLANG_WARN_SUSPICIOUS_MOVE = YES;
				CLANG_WARN_UNGUARDED_AVAILABILITY = YES_AGGRESSIVE;
				CLANG_WARN_UNREACHABLE_CODE = YES;
				CLANG_WARN__DUPLICATE_METHOD_MATCH = YES;
				COPY_PHASE_STRIP = NO;
				DEBUG_INFORMATION_FORMAT = dwarf;
				ENABLE_STRICT_OBJC_MSGSEND = YES;
				ENABLE_TESTABILITY = YES;
				GCC_C_LANGUAGE_STANDARD = gnu11;
				GCC_DYNAMIC_NO_PIC = NO;
				GCC_NO_COMMON_BLOCKS = YES;
				GCC_OPTIMIZATION_LEVEL = 0;
				GCC_PREPROCESSOR_DEFINITIONS = (
					"DEBUG=1",
					"$(inherited)",
				);
				GCC_WARN_64_TO_32_BIT_CONVERSION = YES;
				GCC_WARN_ABOUT_RETURN_TYPE = YES_ERROR;
				GCC_WARN_UNDECLARED_SELECTOR = YES;
				GCC_WARN_UNINITIALIZED_AUTOS = YES_AGGRESSIVE;
				GCC_WARN_UNUSED_FUNCTION = YES;
				GCC_WARN_UNUSED_VARIABLE = YES;
				IPHONEOS_DEPLOYMENT_TARGET = 12.1;
				MTL_ENABLE_DEBUG_INFO = INCLUDE_SOURCE;
				MTL_FAST_MATH = YES;
				ONLY_ACTIVE_ARCH = YES;
				SDKROOT = iphoneos;
				SWIFT_ACTIVE_COMPILATION_CONDITIONS = DEBUG;
				SWIFT_OPTIMIZATION_LEVEL = "-Onone";
			};
			name = Debug;
		};
		DEEAC5FB269C741600D753CA /* Release */ = {
			isa = XCBuildConfiguration;
			buildSettings = {
				ALWAYS_SEARCH_USER_PATHS = NO;
				CLANG_ANALYZER_NONNULL = YES;
				CLANG_ANALYZER_NUMBER_OBJECT_CONVERSION = YES_AGGRESSIVE;
				CLANG_CXX_LANGUAGE_STANDARD = "gnu++14";
				CLANG_CXX_LIBRARY = "libc++";
				CLANG_ENABLE_MODULES = YES;
				CLANG_ENABLE_OBJC_ARC = YES;
				CLANG_ENABLE_OBJC_WEAK = YES;
				CLANG_WARN_BLOCK_CAPTURE_AUTORELEASING = YES;
				CLANG_WARN_BOOL_CONVERSION = YES;
				CLANG_WARN_COMMA = YES;
				CLANG_WARN_CONSTANT_CONVERSION = YES;
				CLANG_WARN_DEPRECATED_OBJC_IMPLEMENTATIONS = YES;
				CLANG_WARN_DIRECT_OBJC_ISA_USAGE = YES_ERROR;
				CLANG_WARN_DOCUMENTATION_COMMENTS = YES;
				CLANG_WARN_EMPTY_BODY = YES;
				CLANG_WARN_ENUM_CONVERSION = YES;
				CLANG_WARN_INFINITE_RECURSION = YES;
				CLANG_WARN_INT_CONVERSION = YES;
				CLANG_WARN_NON_LITERAL_NULL_CONVERSION = YES;
				CLANG_WARN_OBJC_IMPLICIT_RETAIN_SELF = YES;
				CLANG_WARN_OBJC_LITERAL_CONVERSION = YES;
				CLANG_WARN_OBJC_ROOT_CLASS = YES_ERROR;
				CLANG_WARN_QUOTED_INCLUDE_IN_FRAMEWORK_HEADER = YES;
				CLANG_WARN_RANGE_LOOP_ANALYSIS = YES;
				CLANG_WARN_STRICT_PROTOTYPES = YES;
				CLANG_WARN_SUSPICIOUS_MOVE = YES;
				CLANG_WARN_UNGUARDED_AVAILABILITY = YES_AGGRESSIVE;
				CLANG_WARN_UNREACHABLE_CODE = YES;
				CLANG_WARN__DUPLICATE_METHOD_MATCH = YES;
				COPY_PHASE_STRIP = NO;
				DEBUG_INFORMATION_FORMAT = "dwarf-with-dsym";
				ENABLE_NS_ASSERTIONS = NO;
				ENABLE_STRICT_OBJC_MSGSEND = YES;
				GCC_C_LANGUAGE_STANDARD = gnu11;
				GCC_NO_COMMON_BLOCKS = YES;
				GCC_WARN_64_TO_32_BIT_CONVERSION = YES;
				GCC_WARN_ABOUT_RETURN_TYPE = YES_ERROR;
				GCC_WARN_UNDECLARED_SELECTOR = YES;
				GCC_WARN_UNINITIALIZED_AUTOS = YES_AGGRESSIVE;
				GCC_WARN_UNUSED_FUNCTION = YES;
				GCC_WARN_UNUSED_VARIABLE = YES;
				IPHONEOS_DEPLOYMENT_TARGET = 12.1;
				MTL_ENABLE_DEBUG_INFO = NO;
				MTL_FAST_MATH = YES;
				SDKROOT = iphoneos;
				SWIFT_COMPILATION_MODE = wholemodule;
				SWIFT_OPTIMIZATION_LEVEL = "-O";
				VALIDATE_PRODUCT = YES;
			};
			name = Release;
		};
		DEEAC5FD269C741600D753CA /* Debug */ = {
			isa = XCBuildConfiguration;
			buildSettings = {
				ALWAYS_EMBED_SWIFT_STANDARD_LIBRARIES = YES;
				ASSETCATALOG_COMPILER_APPICON_NAME = AppIcon;
				ASSETCATALOG_COMPILER_GLOBAL_ACCENT_COLOR_NAME = AccentColor;
				BUILD_LIBRARY_FOR_DISTRIBUTION = NO;
				CLANG_ENABLE_MODULES = YES;
				CODE_SIGN_STYLE = Automatic;
				DEVELOPMENT_TEAM = NHMWTHTL9L;
				FRAMEWORK_SEARCH_PATHS = (
					"$(inherited)",
					"$(PROJECT_DIR)/demo",
				);
				HEADER_SEARCH_PATHS = "";
				INFOPLIST_FILE = Info.plist;
				IPHONEOS_DEPLOYMENT_TARGET = 13.0;
				LD_RUNPATH_SEARCH_PATHS = (
					"$(inherited)",
					"@executable_path/Frameworks",
				);
				LIBRARY_SEARCH_PATHS = "$(inherited)";
				OTHER_LDFLAGS = (
					"$(inherited)",
					"-lc++",
				);
				PRODUCT_BUNDLE_IDENTIFIER = syjdev.demo.blur;
				PRODUCT_NAME = "$(TARGET_NAME)";
				SWIFT_OPTIMIZATION_LEVEL = "-Onone";
				SWIFT_VERSION = 4.2;
				TARGETED_DEVICE_FAMILY = "1,2";
			};
			name = Debug;
		};
		DEEAC5FE269C741600D753CA /* Release */ = {
			isa = XCBuildConfiguration;
			buildSettings = {
				ALWAYS_EMBED_SWIFT_STANDARD_LIBRARIES = YES;
				ASSETCATALOG_COMPILER_APPICON_NAME = AppIcon;
				ASSETCATALOG_COMPILER_GLOBAL_ACCENT_COLOR_NAME = AccentColor;
				BUILD_LIBRARY_FOR_DISTRIBUTION = NO;
				CLANG_ENABLE_MODULES = YES;
				CODE_SIGN_STYLE = Automatic;
				DEVELOPMENT_TEAM = NHMWTHTL9L;
				FRAMEWORK_SEARCH_PATHS = (
					"$(inherited)",
					"$(PROJECT_DIR)/demo",
				);
				HEADER_SEARCH_PATHS = "";
				INFOPLIST_FILE = Info.plist;
				IPHONEOS_DEPLOYMENT_TARGET = 13.0;
				LD_RUNPATH_SEARCH_PATHS = (
					"$(inherited)",
					"@executable_path/Frameworks",
				);
				LIBRARY_SEARCH_PATHS = "$(inherited)";
				OTHER_LDFLAGS = (
					"$(inherited)",
					"-lc++",
				);
				PRODUCT_BUNDLE_IDENTIFIER = syjdev.demo;
				PRODUCT_NAME = "$(TARGET_NAME)";
				SWIFT_VERSION = 4.2;
				TARGETED_DEVICE_FAMILY = "1,2";
			};
			name = Release;
		};
/* End XCBuildConfiguration section */

/* Begin XCConfigurationList section */
		DEEAC5E3269C741400D753CA /* Build configuration list for PBXProject "demo" */ = {
			isa = XCConfigurationList;
			buildConfigurations = (
				DEEAC5FA269C741600D753CA /* Debug */,
				DEEAC5FB269C741600D753CA /* Release */,
			);
			defaultConfigurationIsVisible = 0;
			defaultConfigurationName = Release;
		};
		DEEAC5FC269C741600D753CA /* Build configuration list for PBXNativeTarget "demo" */ = {
			isa = XCConfigurationList;
			buildConfigurations = (
				DEEAC5FD269C741600D753CA /* Debug */,
				DEEAC5FE269C741600D753CA /* Release */,
			);
			defaultConfigurationIsVisible = 0;
			defaultConfigurationName = Release;
		};
/* End XCConfigurationList section */
	};
	rootObject = DEEAC5E0269C741400D753CA /* Project object */;
}
